
Microsoft Visual Studio Solution File, Format Version 12.00
# Visual Studio Version 17
VisualStudioVersion = 17.13.35913.81 d17.13
MinimumVisualStudioVersion = 10.0.40219.1
Project("{FAE04EC0-301F-11D3-BF4B-00C04F79EFBC}") = "ManejoExcepciones", "ManejoExcepciones\ManejoExcepciones.csproj", "{315C8F07-82EC-43E3-9C66-BF17A38AED5E}"
EndProject
Global
	GlobalSection(SolutionConfigurationPlatforms) = preSolution
		Debug|Any CPU = Debug|Any CPU
		Release|Any CPU = Release|Any CPU
	EndGlobalSection
	GlobalSection(ProjectConfigurationPlatforms) = postSolution
		{315C8F07-82EC-43E3-9C66-BF17A38AED5E}.Debug|Any CPU.ActiveCfg = Debug|Any CPU
		{315C8F07-82EC-43E3-9C66-BF17A38AED5E}.Debug|Any CPU.Build.0 = Debug|Any CPU
		{315C8F07-82EC-43E3-9C66-BF17A38AED5E}.Release|Any CPU.ActiveCfg = Release|Any CPU
		{315C8F07-82EC-43E3-9C66-BF17A38AED5E}.Release|Any CPU.Build.0 = Release|Any CPU
	EndGlobalSection
	GlobalSection(SolutionProperties) = preSolution
		HideSolutionNode = FALSE
	EndGlobalSection
	GlobalSection(ExtensibilityGlobals) = postSolution
		SolutionGuid = {581E912F-22F0-4AF8-908A-A32DBA021245}
	EndGlobalSection
EndGlobal
