
Microsoft Visual Studio Solution File, Format Version 12.00
# Visual Studio Version 17
VisualStudioVersion = 17.13.35913.81 d17.13
MinimumVisualStudioVersion = 10.0.40219.1
Project("{FAE04EC0-301F-11D3-BF4B-00C04F79EFBC}") = "MetodosListas", "MetodosListas\MetodosListas.csproj", "{3F7C0BEE-B031-419A-A1C9-18243A5333F9}"
EndProject
Global
	GlobalSection(SolutionConfigurationPlatforms) = preSolution
		Debug|Any CPU = Debug|Any CPU
		Release|Any CPU = Release|Any CPU
	EndGlobalSection
	GlobalSection(ProjectConfigurationPlatforms) = postSolution
		{3F7C0BEE-B031-419A-A1C9-18243A5333F9}.Debug|Any CPU.ActiveCfg = Debug|Any CPU
		{3F7C0BEE-B031-419A-A1C9-18243A5333F9}.Debug|Any CPU.Build.0 = Debug|Any CPU
		{3F7C0BEE-B031-419A-A1C9-18243A5333F9}.Release|Any CPU.ActiveCfg = Release|Any CPU
		{3F7C0BEE-B031-419A-A1C9-18243A5333F9}.Release|Any CPU.Build.0 = Release|Any CPU
	EndGlobalSection
	GlobalSection(SolutionProperties) = preSolution
		HideSolutionNode = FALSE
	EndGlobalSection
	GlobalSection(ExtensibilityGlobals) = postSolution
		SolutionGuid = {FE358744-9066-49DF-8969-7880A560AE1F}
	EndGlobalSection
EndGlobal
